// !$*UTF8*$!
{
	archiveVersion = 1;
	classes = {
	};
	objectVersion = 50;
	objects = {

/* Begin PBXBuildFile section */
		53C7AE74262C0407005F3A9B /* ProductListViewModel.swift in Sources */ = {isa = PBXBuildFile; fileRef = 53C7AE73262C0407005F3A9B /* ProductListViewModel.swift */; };
		53C7AE79262C09E0005F3A9B /* URLImageView.swift in Sources */ = {isa = PBXBuildFile; fileRef = 53C7AE78262C09E0005F3A9B /* URLImageView.swift */; };
		53C7AE7E262C0A0E005F3A9B /* URLImageViewModel.swift in Sources */ = {isa = PBXBuildFile; fileRef = 53C7AE7D262C0A0E005F3A9B /* URLImageViewModel.swift */; };
		53C7AE8B262C938B005F3A9B /* ProductPriceTextView.swift in Sources */ = {isa = PBXBuildFile; fileRef = 53C7AE8A262C938B005F3A9B /* ProductPriceTextView.swift */; };
		53C7AE96262C98F1005F3A9B /* ProductInstallmentsView.swift in Sources */ = {isa = PBXBuildFile; fileRef = 53C7AE95262C98F1005F3A9B /* ProductInstallmentsView.swift */; };
		53C7AEA4262CA3B0005F3A9B /* ProductShippingView.swift in Sources */ = {isa = PBXBuildFile; fileRef = 53C7AEA3262CA3B0005F3A9B /* ProductShippingView.swift */; };
		53C7AEA9262CA58C005F3A9B /* ProductDescriptionView.swift in Sources */ = {isa = PBXBuildFile; fileRef = 53C7AEA8262CA58C005F3A9B /* ProductDescriptionView.swift */; };
		53C7AEB5262CEE1A005F3A9B /* ProductItemViewModel.swift in Sources */ = {isa = PBXBuildFile; fileRef = 53C7AEB4262CEE1A005F3A9B /* ProductItemViewModel.swift */; };
		53C7AEBB262D15A2005F3A9B /* ProductListAnimationView.swift in Sources */ = {isa = PBXBuildFile; fileRef = 53C7AEBA262D15A2005F3A9B /* ProductListAnimationView.swift */; };
		53C7AEC3262D27F7005F3A9B /* ShimmerAnimationView.swift in Sources */ = {isa = PBXBuildFile; fileRef = 53C7AEC2262D27F7005F3A9B /* ShimmerAnimationView.swift */; };
		53C7AEC8262D2E83005F3A9B /* Categories.swift in Sources */ = {isa = PBXBuildFile; fileRef = 53C7AEC7262D2E83005F3A9B /* Categories.swift */; };
		53C7AECD262D2F56005F3A9B /* ServiceProvider.swift in Sources */ = {isa = PBXBuildFile; fileRef = 53C7AECC262D2F56005F3A9B /* ServiceProvider.swift */; };
		53C7AED5262D2FF7005F3A9B /* CategoriesServiceClient.swift in Sources */ = {isa = PBXBuildFile; fileRef = 53C7AED4262D2FF7005F3A9B /* CategoriesServiceClient.swift */; };
		53C7AEE0262D306C005F3A9B /* ServiceErrors.swift in Sources */ = {isa = PBXBuildFile; fileRef = 53C7AEDF262D306C005F3A9B /* ServiceErrors.swift */; };
		53C7AEE5262D31FB005F3A9B /* CategoriesService.swift in Sources */ = {isa = PBXBuildFile; fileRef = 53C7AEE4262D31FB005F3A9B /* CategoriesService.swift */; };
		53C7AEEA262D333B005F3A9B /* URLBuilder.swift in Sources */ = {isa = PBXBuildFile; fileRef = 53C7AEE9262D333B005F3A9B /* URLBuilder.swift */; };
		53C7AEEF262D56DC005F3A9B /* CategoryListItemViewModel.swift in Sources */ = {isa = PBXBuildFile; fileRef = 53C7AEEE262D56DC005F3A9B /* CategoryListItemViewModel.swift */; };
		53C7AEF5262D5C43005F3A9B /* GetImageServiceClient.swift in Sources */ = {isa = PBXBuildFile; fileRef = 53C7AEF4262D5C43005F3A9B /* GetImageServiceClient.swift */; };
		53C7AEFA262D5CE0005F3A9B /* GetImageService.swift in Sources */ = {isa = PBXBuildFile; fileRef = 53C7AEF9262D5CE0005F3A9B /* GetImageService.swift */; };
		53C7B00A262E84B8005F3A9B /* ProductsService.swift in Sources */ = {isa = PBXBuildFile; fileRef = 53C7B009262E84B8005F3A9B /* ProductsService.swift */; };
		53C7B00F262E855C005F3A9B /* ProductsServiceClient.swift in Sources */ = {isa = PBXBuildFile; fileRef = 53C7B00E262E855C005F3A9B /* ProductsServiceClient.swift */; };
		53C7B017262E86A9005F3A9B /* Products.swift in Sources */ = {isa = PBXBuildFile; fileRef = 53C7B016262E86A9005F3A9B /* Products.swift */; };
		53C7B01C262E9FED005F3A9B /* Shipping.swift in Sources */ = {isa = PBXBuildFile; fileRef = 53C7B01B262E9FED005F3A9B /* Shipping.swift */; };
		53C7B021262EA008005F3A9B /* Paging.swift in Sources */ = {isa = PBXBuildFile; fileRef = 53C7B020262EA008005F3A9B /* Paging.swift */; };
		53C7B026262EA030005F3A9B /* Installments.swift in Sources */ = {isa = PBXBuildFile; fileRef = 53C7B025262EA030005F3A9B /* Installments.swift */; };
		53C7B02B262EA047005F3A9B /* Product.swift in Sources */ = {isa = PBXBuildFile; fileRef = 53C7B02A262EA047005F3A9B /* Product.swift */; };
		53C7B038262FDC0B005F3A9B /* ProductDetailViewModel.swift in Sources */ = {isa = PBXBuildFile; fileRef = 53C7B037262FDC0A005F3A9B /* ProductDetailViewModel.swift */; };
		53C7B03D262FDD71005F3A9B /* ProductDetailServiceClient.swift in Sources */ = {isa = PBXBuildFile; fileRef = 53C7B03C262FDD71005F3A9B /* ProductDetailServiceClient.swift */; };
		53C7B042262FDF31005F3A9B /* ProductDetailService.swift in Sources */ = {isa = PBXBuildFile; fileRef = 53C7B041262FDF31005F3A9B /* ProductDetailService.swift */; };
		53C7B047262FE74E005F3A9B /* ProductDetail.swift in Sources */ = {isa = PBXBuildFile; fileRef = 53C7B046262FE74E005F3A9B /* ProductDetail.swift */; };
		53C7B04C262FEDE0005F3A9B /* DetailImage.swift in Sources */ = {isa = PBXBuildFile; fileRef = 53C7B04B262FEDE0005F3A9B /* DetailImage.swift */; };
		53C7B051262FEDFE005F3A9B /* DetailDescription.swift in Sources */ = {isa = PBXBuildFile; fileRef = 53C7B050262FEDFE005F3A9B /* DetailDescription.swift */; };
		53C7B05E262FF7C0005F3A9B /* LoaderView.swift in Sources */ = {isa = PBXBuildFile; fileRef = 53C7B05D262FF7C0005F3A9B /* LoaderView.swift */; };
		53C7B06326300A80005F3A9B /* CarouselImage.swift in Sources */ = {isa = PBXBuildFile; fileRef = 53C7B06226300A80005F3A9B /* CarouselImage.swift */; };
		53C7B068263011AF005F3A9B /* ProductDescriptionViewModel.swift in Sources */ = {isa = PBXBuildFile; fileRef = 53C7B067263011AF005F3A9B /* ProductDescriptionViewModel.swift */; };
		53EB0D5026293F99005A2075 /* AppDelegate.swift in Sources */ = {isa = PBXBuildFile; fileRef = 53EB0D4F26293F99005A2075 /* AppDelegate.swift */; };
		53EB0D5226293F99005A2075 /* SceneDelegate.swift in Sources */ = {isa = PBXBuildFile; fileRef = 53EB0D5126293F99005A2075 /* SceneDelegate.swift */; };
		53EB0D5626293F9F005A2075 /* Assets.xcassets in Resources */ = {isa = PBXBuildFile; fileRef = 53EB0D5526293F9F005A2075 /* Assets.xcassets */; };
		53EB0D5926293F9F005A2075 /* Preview Assets.xcassets in Resources */ = {isa = PBXBuildFile; fileRef = 53EB0D5826293F9F005A2075 /* Preview Assets.xcassets */; };
		53EB0D5C26293F9F005A2075 /* LaunchScreen.storyboard in Resources */ = {isa = PBXBuildFile; fileRef = 53EB0D5A26293F9F005A2075 /* LaunchScreen.storyboard */; };
		53EB0D6726293F9F005A2075 /* MercadoLibreTestTests.swift in Sources */ = {isa = PBXBuildFile; fileRef = 53EB0D6626293F9F005A2075 /* MercadoLibreTestTests.swift */; };
		53EB0D7226293FA0005A2075 /* MercadoLibreTestUITests.swift in Sources */ = {isa = PBXBuildFile; fileRef = 53EB0D7126293FA0005A2075 /* MercadoLibreTestUITests.swift */; };
		53EB0D8A26294311005A2075 /* Coordinator.swift in Sources */ = {isa = PBXBuildFile; fileRef = 53EB0D8926294311005A2075 /* Coordinator.swift */; };
		53EB0D9226294357005A2075 /* HomeCoordinator.swift in Sources */ = {isa = PBXBuildFile; fileRef = 53EB0D9126294356005A2075 /* HomeCoordinator.swift */; };
		53EB0D9A26294521005A2075 /* HomeView.swift in Sources */ = {isa = PBXBuildFile; fileRef = 53EB0D962629440F005A2075 /* HomeView.swift */; };
		53EB0D9F2629489E005A2075 /* MainCoordinator.swift in Sources */ = {isa = PBXBuildFile; fileRef = 53EB0D9E2629489E005A2075 /* MainCoordinator.swift */; };
		53EB0DA726294904005A2075 /* MainTabBarController.swift in Sources */ = {isa = PBXBuildFile; fileRef = 53EB0D872629429A005A2075 /* MainTabBarController.swift */; };
		53EB0DAB26294E31005A2075 /* AboutView.swift in Sources */ = {isa = PBXBuildFile; fileRef = 53EB0D88262942DC005A2075 /* AboutView.swift */; };
		53EB0DB326295ACA005A2075 /* AboutCoordinator.swift in Sources */ = {isa = PBXBuildFile; fileRef = 53EB0DB226295ACA005A2075 /* AboutCoordinator.swift */; };
		53EB0DB82629CDB8005A2075 /* Main.storyboard in Resources */ = {isa = PBXBuildFile; fileRef = 53EB0DB72629CDB8005A2075 /* Main.storyboard */; };
		53EB0DBE2629DA97005A2075 /* HomeViewModel.swift in Sources */ = {isa = PBXBuildFile; fileRef = 53EB0DBD2629DA97005A2075 /* HomeViewModel.swift */; };
		53EB0DCE2629DB39005A2075 /* ProductDetailView.swift in Sources */ = {isa = PBXBuildFile; fileRef = 53EB0DCD2629DB39005A2075 /* ProductDetailView.swift */; };
		53EB0DDE262A788B005A2075 /* SearchBarView.swift in Sources */ = {isa = PBXBuildFile; fileRef = 53EB0DDD262A7889005A2075 /* SearchBarView.swift */; };
		53EB0DE7262A96C8005A2075 /* CategoryListItem.swift in Sources */ = {isa = PBXBuildFile; fileRef = 53EB0DE6262A96C8005A2075 /* CategoryListItem.swift */; };
		53EB0DEF262A96EF005A2075 /* ProductListItem.swift in Sources */ = {isa = PBXBuildFile; fileRef = 53EB0DEE262A96EF005A2075 /* ProductListItem.swift */; };
		53EB0DF6262ABCB2005A2075 /* ProductsListView.swift in Sources */ = {isa = PBXBuildFile; fileRef = 53EB0DF5262ABCB1005A2075 /* ProductsListView.swift */; };
		53EB0DFF262BC4CB005A2075 /* CustomColors.swift in Sources */ = {isa = PBXBuildFile; fileRef = 53EB0DFE262BC4CA005A2075 /* CustomColors.swift */; };
		53F6EA2726311D6000ACCF93 /* Logger.swift in Sources */ = {isa = PBXBuildFile; fileRef = 53F6EA2626311D6000ACCF93 /* Logger.swift */; };
		53F6EA2E2631243600ACCF93 /* Localization.swift in Sources */ = {isa = PBXBuildFile; fileRef = 53F6EA2D2631243600ACCF93 /* Localization.swift */; };
		53F6EA332631269300ACCF93 /* Localizable.strings in Resources */ = {isa = PBXBuildFile; fileRef = 53F6EA322631269300ACCF93 /* Localizable.strings */; };
/* End PBXBuildFile section */

/* Begin PBXContainerItemProxy section */
		53EB0D6326293F9F005A2075 /* PBXContainerItemProxy */ = {
			isa = PBXContainerItemProxy;
			containerPortal = 53EB0D4426293F99005A2075 /* Project object */;
			proxyType = 1;
			remoteGlobalIDString = 53EB0D4B26293F99005A2075;
			remoteInfo = MercadoLibreTest;
		};
		53EB0D6E26293FA0005A2075 /* PBXContainerItemProxy */ = {
			isa = PBXContainerItemProxy;
			containerPortal = 53EB0D4426293F99005A2075 /* Project object */;
			proxyType = 1;
			remoteGlobalIDString = 53EB0D4B26293F99005A2075;
			remoteInfo = MercadoLibreTest;
		};
/* End PBXContainerItemProxy section */

/* Begin PBXFileReference section */
		53C7AE73262C0407005F3A9B /* ProductListViewModel.swift */ = {isa = PBXFileReference; lastKnownFileType = sourcecode.swift; path = ProductListViewModel.swift; sourceTree = "<group>"; };
		53C7AE78262C09E0005F3A9B /* URLImageView.swift */ = {isa = PBXFileReference; lastKnownFileType = sourcecode.swift; path = URLImageView.swift; sourceTree = "<group>"; };
		53C7AE7D262C0A0E005F3A9B /* URLImageViewModel.swift */ = {isa = PBXFileReference; lastKnownFileType = sourcecode.swift; path = URLImageViewModel.swift; sourceTree = "<group>"; };
		53C7AE8A262C938B005F3A9B /* ProductPriceTextView.swift */ = {isa = PBXFileReference; lastKnownFileType = sourcecode.swift; path = ProductPriceTextView.swift; sourceTree = "<group>"; };
		53C7AE95262C98F1005F3A9B /* ProductInstallmentsView.swift */ = {isa = PBXFileReference; lastKnownFileType = sourcecode.swift; path = ProductInstallmentsView.swift; sourceTree = "<group>"; };
		53C7AEA3262CA3B0005F3A9B /* ProductShippingView.swift */ = {isa = PBXFileReference; lastKnownFileType = sourcecode.swift; path = ProductShippingView.swift; sourceTree = "<group>"; };
		53C7AEA8262CA58C005F3A9B /* ProductDescriptionView.swift */ = {isa = PBXFileReference; lastKnownFileType = sourcecode.swift; path = ProductDescriptionView.swift; sourceTree = "<group>"; };
		53C7AEB4262CEE1A005F3A9B /* ProductItemViewModel.swift */ = {isa = PBXFileReference; lastKnownFileType = sourcecode.swift; path = ProductItemViewModel.swift; sourceTree = "<group>"; };
		53C7AEBA262D15A2005F3A9B /* ProductListAnimationView.swift */ = {isa = PBXFileReference; lastKnownFileType = sourcecode.swift; path = ProductListAnimationView.swift; sourceTree = "<group>"; };
		53C7AEC2262D27F7005F3A9B /* ShimmerAnimationView.swift */ = {isa = PBXFileReference; lastKnownFileType = sourcecode.swift; path = ShimmerAnimationView.swift; sourceTree = "<group>"; };
		53C7AEC7262D2E83005F3A9B /* Categories.swift */ = {isa = PBXFileReference; lastKnownFileType = sourcecode.swift; path = Categories.swift; sourceTree = "<group>"; };
		53C7AECC262D2F56005F3A9B /* ServiceProvider.swift */ = {isa = PBXFileReference; lastKnownFileType = sourcecode.swift; path = ServiceProvider.swift; sourceTree = "<group>"; };
		53C7AED4262D2FF7005F3A9B /* CategoriesServiceClient.swift */ = {isa = PBXFileReference; lastKnownFileType = sourcecode.swift; path = CategoriesServiceClient.swift; sourceTree = "<group>"; };
		53C7AEDF262D306C005F3A9B /* ServiceErrors.swift */ = {isa = PBXFileReference; lastKnownFileType = sourcecode.swift; path = ServiceErrors.swift; sourceTree = "<group>"; };
		53C7AEE4262D31FB005F3A9B /* CategoriesService.swift */ = {isa = PBXFileReference; lastKnownFileType = sourcecode.swift; path = CategoriesService.swift; sourceTree = "<group>"; };
		53C7AEE9262D333B005F3A9B /* URLBuilder.swift */ = {isa = PBXFileReference; lastKnownFileType = sourcecode.swift; path = URLBuilder.swift; sourceTree = "<group>"; };
		53C7AEEE262D56DC005F3A9B /* CategoryListItemViewModel.swift */ = {isa = PBXFileReference; lastKnownFileType = sourcecode.swift; path = CategoryListItemViewModel.swift; sourceTree = "<group>"; };
		53C7AEF4262D5C43005F3A9B /* GetImageServiceClient.swift */ = {isa = PBXFileReference; lastKnownFileType = sourcecode.swift; path = GetImageServiceClient.swift; sourceTree = "<group>"; };
		53C7AEF9262D5CE0005F3A9B /* GetImageService.swift */ = {isa = PBXFileReference; lastKnownFileType = sourcecode.swift; path = GetImageService.swift; sourceTree = "<group>"; };
		53C7B009262E84B8005F3A9B /* ProductsService.swift */ = {isa = PBXFileReference; lastKnownFileType = sourcecode.swift; path = ProductsService.swift; sourceTree = "<group>"; };
		53C7B00E262E855C005F3A9B /* ProductsServiceClient.swift */ = {isa = PBXFileReference; lastKnownFileType = sourcecode.swift; path = ProductsServiceClient.swift; sourceTree = "<group>"; };
		53C7B016262E86A9005F3A9B /* Products.swift */ = {isa = PBXFileReference; lastKnownFileType = sourcecode.swift; path = Products.swift; sourceTree = "<group>"; };
		53C7B01B262E9FED005F3A9B /* Shipping.swift */ = {isa = PBXFileReference; lastKnownFileType = sourcecode.swift; path = Shipping.swift; sourceTree = "<group>"; };
		53C7B020262EA008005F3A9B /* Paging.swift */ = {isa = PBXFileReference; lastKnownFileType = sourcecode.swift; path = Paging.swift; sourceTree = "<group>"; };
		53C7B025262EA030005F3A9B /* Installments.swift */ = {isa = PBXFileReference; lastKnownFileType = sourcecode.swift; path = Installments.swift; sourceTree = "<group>"; };
		53C7B02A262EA047005F3A9B /* Product.swift */ = {isa = PBXFileReference; lastKnownFileType = sourcecode.swift; path = Product.swift; sourceTree = "<group>"; };
		53C7B037262FDC0A005F3A9B /* ProductDetailViewModel.swift */ = {isa = PBXFileReference; lastKnownFileType = sourcecode.swift; path = ProductDetailViewModel.swift; sourceTree = "<group>"; };
		53C7B03C262FDD71005F3A9B /* ProductDetailServiceClient.swift */ = {isa = PBXFileReference; lastKnownFileType = sourcecode.swift; path = ProductDetailServiceClient.swift; sourceTree = "<group>"; };
		53C7B041262FDF31005F3A9B /* ProductDetailService.swift */ = {isa = PBXFileReference; lastKnownFileType = sourcecode.swift; path = ProductDetailService.swift; sourceTree = "<group>"; };
		53C7B046262FE74E005F3A9B /* ProductDetail.swift */ = {isa = PBXFileReference; lastKnownFileType = sourcecode.swift; path = ProductDetail.swift; sourceTree = "<group>"; };
		53C7B04B262FEDE0005F3A9B /* DetailImage.swift */ = {isa = PBXFileReference; lastKnownFileType = sourcecode.swift; path = DetailImage.swift; sourceTree = "<group>"; };
		53C7B050262FEDFE005F3A9B /* DetailDescription.swift */ = {isa = PBXFileReference; lastKnownFileType = sourcecode.swift; path = DetailDescription.swift; sourceTree = "<group>"; };
		53C7B05D262FF7C0005F3A9B /* LoaderView.swift */ = {isa = PBXFileReference; lastKnownFileType = sourcecode.swift; path = LoaderView.swift; sourceTree = "<group>"; };
		53C7B06226300A80005F3A9B /* CarouselImage.swift */ = {isa = PBXFileReference; lastKnownFileType = sourcecode.swift; path = CarouselImage.swift; sourceTree = "<group>"; };
		53C7B067263011AF005F3A9B /* ProductDescriptionViewModel.swift */ = {isa = PBXFileReference; lastKnownFileType = sourcecode.swift; path = ProductDescriptionViewModel.swift; sourceTree = "<group>"; };
		53EB0D4C26293F99005A2075 /* MercadoLibreTest.app */ = {isa = PBXFileReference; explicitFileType = wrapper.application; includeInIndex = 0; path = MercadoLibreTest.app; sourceTree = BUILT_PRODUCTS_DIR; };
		53EB0D4F26293F99005A2075 /* AppDelegate.swift */ = {isa = PBXFileReference; lastKnownFileType = sourcecode.swift; path = AppDelegate.swift; sourceTree = "<group>"; };
		53EB0D5126293F99005A2075 /* SceneDelegate.swift */ = {isa = PBXFileReference; lastKnownFileType = sourcecode.swift; path = SceneDelegate.swift; sourceTree = "<group>"; };
		53EB0D5526293F9F005A2075 /* Assets.xcassets */ = {isa = PBXFileReference; lastKnownFileType = folder.assetcatalog; path = Assets.xcassets; sourceTree = "<group>"; };
		53EB0D5826293F9F005A2075 /* Preview Assets.xcassets */ = {isa = PBXFileReference; lastKnownFileType = folder.assetcatalog; path = "Preview Assets.xcassets"; sourceTree = "<group>"; };
		53EB0D5B26293F9F005A2075 /* Base */ = {isa = PBXFileReference; lastKnownFileType = file.storyboard; name = Base; path = Base.lproj/LaunchScreen.storyboard; sourceTree = "<group>"; };
		53EB0D5D26293F9F005A2075 /* Info.plist */ = {isa = PBXFileReference; lastKnownFileType = text.plist.xml; path = Info.plist; sourceTree = "<group>"; };
		53EB0D6226293F9F005A2075 /* MercadoLibreTestTests.xctest */ = {isa = PBXFileReference; explicitFileType = wrapper.cfbundle; includeInIndex = 0; path = MercadoLibreTestTests.xctest; sourceTree = BUILT_PRODUCTS_DIR; };
		53EB0D6626293F9F005A2075 /* MercadoLibreTestTests.swift */ = {isa = PBXFileReference; lastKnownFileType = sourcecode.swift; path = MercadoLibreTestTests.swift; sourceTree = "<group>"; };
		53EB0D6826293F9F005A2075 /* Info.plist */ = {isa = PBXFileReference; lastKnownFileType = text.plist.xml; path = Info.plist; sourceTree = "<group>"; };
		53EB0D6D26293FA0005A2075 /* MercadoLibreTestUITests.xctest */ = {isa = PBXFileReference; explicitFileType = wrapper.cfbundle; includeInIndex = 0; path = MercadoLibreTestUITests.xctest; sourceTree = BUILT_PRODUCTS_DIR; };
		53EB0D7126293FA0005A2075 /* MercadoLibreTestUITests.swift */ = {isa = PBXFileReference; lastKnownFileType = sourcecode.swift; path = MercadoLibreTestUITests.swift; sourceTree = "<group>"; };
		53EB0D7326293FA0005A2075 /* Info.plist */ = {isa = PBXFileReference; lastKnownFileType = text.plist.xml; path = Info.plist; sourceTree = "<group>"; };
		53EB0D872629429A005A2075 /* MainTabBarController.swift */ = {isa = PBXFileReference; lastKnownFileType = sourcecode.swift; path = MainTabBarController.swift; sourceTree = "<group>"; };
		53EB0D88262942DC005A2075 /* AboutView.swift */ = {isa = PBXFileReference; lastKnownFileType = sourcecode.swift; path = AboutView.swift; sourceTree = "<group>"; };
		53EB0D8926294311005A2075 /* Coordinator.swift */ = {isa = PBXFileReference; lastKnownFileType = sourcecode.swift; path = Coordinator.swift; sourceTree = "<group>"; };
		53EB0D9126294356005A2075 /* HomeCoordinator.swift */ = {isa = PBXFileReference; lastKnownFileType = sourcecode.swift; path = HomeCoordinator.swift; sourceTree = "<group>"; };
		53EB0D962629440F005A2075 /* HomeView.swift */ = {isa = PBXFileReference; lastKnownFileType = sourcecode.swift; path = HomeView.swift; sourceTree = "<group>"; };
		53EB0D9E2629489E005A2075 /* MainCoordinator.swift */ = {isa = PBXFileReference; lastKnownFileType = sourcecode.swift; path = MainCoordinator.swift; sourceTree = "<group>"; };
		53EB0DB226295ACA005A2075 /* AboutCoordinator.swift */ = {isa = PBXFileReference; lastKnownFileType = sourcecode.swift; path = AboutCoordinator.swift; sourceTree = "<group>"; };
		53EB0DB72629CDB8005A2075 /* Main.storyboard */ = {isa = PBXFileReference; lastKnownFileType = file.storyboard; path = Main.storyboard; sourceTree = "<group>"; };
		53EB0DBD2629DA97005A2075 /* HomeViewModel.swift */ = {isa = PBXFileReference; lastKnownFileType = sourcecode.swift; path = HomeViewModel.swift; sourceTree = "<group>"; };
		53EB0DCD2629DB39005A2075 /* ProductDetailView.swift */ = {isa = PBXFileReference; lastKnownFileType = sourcecode.swift; path = ProductDetailView.swift; sourceTree = "<group>"; };
		53EB0DDD262A7889005A2075 /* SearchBarView.swift */ = {isa = PBXFileReference; lastKnownFileType = sourcecode.swift; path = SearchBarView.swift; sourceTree = "<group>"; };
		53EB0DE6262A96C8005A2075 /* CategoryListItem.swift */ = {isa = PBXFileReference; lastKnownFileType = sourcecode.swift; path = CategoryListItem.swift; sourceTree = "<group>"; };
		53EB0DEE262A96EF005A2075 /* ProductListItem.swift */ = {isa = PBXFileReference; lastKnownFileType = sourcecode.swift; path = ProductListItem.swift; sourceTree = "<group>"; };
		53EB0DF5262ABCB1005A2075 /* ProductsListView.swift */ = {isa = PBXFileReference; lastKnownFileType = sourcecode.swift; path = ProductsListView.swift; sourceTree = "<group>"; };
		53EB0DFE262BC4CA005A2075 /* CustomColors.swift */ = {isa = PBXFileReference; lastKnownFileType = sourcecode.swift; path = CustomColors.swift; sourceTree = "<group>"; };
		53F6EA2626311D6000ACCF93 /* Logger.swift */ = {isa = PBXFileReference; lastKnownFileType = sourcecode.swift; path = Logger.swift; sourceTree = "<group>"; };
		53F6EA2D2631243600ACCF93 /* Localization.swift */ = {isa = PBXFileReference; lastKnownFileType = sourcecode.swift; path = Localization.swift; sourceTree = "<group>"; };
		53F6EA322631269300ACCF93 /* Localizable.strings */ = {isa = PBXFileReference; lastKnownFileType = text.plist.strings; path = Localizable.strings; sourceTree = "<group>"; };
/* End PBXFileReference section */

/* Begin PBXFrameworksBuildPhase section */
		53EB0D4926293F99005A2075 /* Frameworks */ = {
			isa = PBXFrameworksBuildPhase;
			buildActionMask = 2147483647;
			files = (
			);
			runOnlyForDeploymentPostprocessing = 0;
		};
		53EB0D5F26293F9F005A2075 /* Frameworks */ = {
			isa = PBXFrameworksBuildPhase;
			buildActionMask = 2147483647;
			files = (
			);
			runOnlyForDeploymentPostprocessing = 0;
		};
		53EB0D6A26293FA0005A2075 /* Frameworks */ = {
			isa = PBXFrameworksBuildPhase;
			buildActionMask = 2147483647;
			files = (
			);
			runOnlyForDeploymentPostprocessing = 0;
		};
/* End PBXFrameworksBuildPhase section */

/* Begin PBXGroup section */
		53C7AEB9262D1566005F3A9B /* Animations */ = {
			isa = PBXGroup;
			children = (
				53C7AEBA262D15A2005F3A9B /* ProductListAnimationView.swift */,
				53C7AEC2262D27F7005F3A9B /* ShimmerAnimationView.swift */,
				53C7B05D262FF7C0005F3A9B /* LoaderView.swift */,
			);
			path = Animations;
			sourceTree = "<group>";
		};
		53C7AED1262D2FBA005F3A9B /* Categories */ = {
			isa = PBXGroup;
			children = (
				53C7AED4262D2FF7005F3A9B /* CategoriesServiceClient.swift */,
				53C7AEE4262D31FB005F3A9B /* CategoriesService.swift */,
			);
			path = Categories;
			sourceTree = "<group>";
		};
		53C7AED2262D2FC8005F3A9B /* Products */ = {
			isa = PBXGroup;
			children = (
				53C7B009262E84B8005F3A9B /* ProductsService.swift */,
				53C7B00E262E855C005F3A9B /* ProductsServiceClient.swift */,
			);
			path = Products;
			sourceTree = "<group>";
		};
		53C7AED3262D2FD7005F3A9B /* ProductDetails */ = {
			isa = PBXGroup;
			children = (
				53C7B03C262FDD71005F3A9B /* ProductDetailServiceClient.swift */,
				53C7B041262FDF31005F3A9B /* ProductDetailService.swift */,
			);
			path = ProductDetails;
			sourceTree = "<group>";
		};
		53C7AEF3262D5C18005F3A9B /* Images */ = {
			isa = PBXGroup;
			children = (
				53C7AEF4262D5C43005F3A9B /* GetImageServiceClient.swift */,
				53C7AEF9262D5CE0005F3A9B /* GetImageService.swift */,
			);
			path = Images;
			sourceTree = "<group>";
		};
		53EB0D4326293F99005A2075 = {
			isa = PBXGroup;
			children = (
				53EB0D4E26293F99005A2075 /* MercadoLibreTest */,
				53EB0D6526293F9F005A2075 /* MercadoLibreTestTests */,
				53EB0D7026293FA0005A2075 /* MercadoLibreTestUITests */,
				53EB0D4D26293F99005A2075 /* Products */,
			);
			sourceTree = "<group>";
		};
		53EB0D4D26293F99005A2075 /* Products */ = {
			isa = PBXGroup;
			children = (
				53EB0D4C26293F99005A2075 /* MercadoLibreTest.app */,
				53EB0D6226293F9F005A2075 /* MercadoLibreTestTests.xctest */,
				53EB0D6D26293FA0005A2075 /* MercadoLibreTestUITests.xctest */,
			);
			name = Products;
			sourceTree = "<group>";
		};
		53EB0D4E26293F99005A2075 /* MercadoLibreTest */ = {
			isa = PBXGroup;
			children = (
				53EB0DBC2629DA7D005A2075 /* ViewModels */,
				53EB0D8626294213005A2075 /* Models */,
				53EB0D8526294187005A2075 /* ServiceClients */,
				53EB0D842629415D005A2075 /* Coordinators */,
				53EB0D8326294155005A2075 /* Views */,
				53EB0D822629412F005A2075 /* Controllers */,
				53EB0E0C262BF603005A2075 /* Storyboards */,
				53F6EA3A2631492100ACCF93 /* Resources */,
				53F6EA3B2631494800ACCF93 /* Utility */,
				53EB0D4F26293F99005A2075 /* AppDelegate.swift */,
				53EB0D5126293F99005A2075 /* SceneDelegate.swift */,
				53EB0D5D26293F9F005A2075 /* Info.plist */,
				53EB0D5726293F9F005A2075 /* Preview Content */,
			);
			path = MercadoLibreTest;
			sourceTree = "<group>";
		};
		53EB0D5726293F9F005A2075 /* Preview Content */ = {
			isa = PBXGroup;
			children = (
				53EB0D5826293F9F005A2075 /* Preview Assets.xcassets */,
			);
			path = "Preview Content";
			sourceTree = "<group>";
		};
		53EB0D6526293F9F005A2075 /* MercadoLibreTestTests */ = {
			isa = PBXGroup;
			children = (
				53EB0D6626293F9F005A2075 /* MercadoLibreTestTests.swift */,
				53EB0D6826293F9F005A2075 /* Info.plist */,
			);
			path = MercadoLibreTestTests;
			sourceTree = "<group>";
		};
		53EB0D7026293FA0005A2075 /* MercadoLibreTestUITests */ = {
			isa = PBXGroup;
			children = (
				53EB0D7126293FA0005A2075 /* MercadoLibreTestUITests.swift */,
				53EB0D7326293FA0005A2075 /* Info.plist */,
			);
			path = MercadoLibreTestUITests;
			sourceTree = "<group>";
		};
		53EB0D822629412F005A2075 /* Controllers */ = {
			isa = PBXGroup;
			children = (
				53EB0D872629429A005A2075 /* MainTabBarController.swift */,
			);
			path = Controllers;
			sourceTree = "<group>";
		};
		53EB0D8326294155005A2075 /* Views */ = {
			isa = PBXGroup;
			children = (
				53C7AEB9262D1566005F3A9B /* Animations */,
				53EB0E08262BF5C9005A2075 /* About */,
				53EB0E07262BF5BE005A2075 /* Home */,
				53EB0E06262BF589005A2075 /* ProductViews */,
				53EB0DE5262A9673005A2075 /* ListItems */,
				53EB0DDC262A77F3005A2075 /* Common */,
			);
			path = Views;
			sourceTree = "<group>";
		};
		53EB0D842629415D005A2075 /* Coordinators */ = {
			isa = PBXGroup;
			children = (
				53EB0D8926294311005A2075 /* Coordinator.swift */,
				53EB0D9E2629489E005A2075 /* MainCoordinator.swift */,
				53EB0D9126294356005A2075 /* HomeCoordinator.swift */,
				53EB0DB226295ACA005A2075 /* AboutCoordinator.swift */,
			);
			path = Coordinators;
			sourceTree = "<group>";
		};
		53EB0D8526294187005A2075 /* ServiceClients */ = {
			isa = PBXGroup;
			children = (
				53C7AEF3262D5C18005F3A9B /* Images */,
				53C7AED3262D2FD7005F3A9B /* ProductDetails */,
				53C7AED2262D2FC8005F3A9B /* Products */,
				53C7AED1262D2FBA005F3A9B /* Categories */,
				53C7AECC262D2F56005F3A9B /* ServiceProvider.swift */,
				53C7AEE9262D333B005F3A9B /* URLBuilder.swift */,
			);
			path = ServiceClients;
			sourceTree = "<group>";
		};
		53EB0D8626294213005A2075 /* Models */ = {
			isa = PBXGroup;
			children = (
				53C7AEC7262D2E83005F3A9B /* Categories.swift */,
				53C7AEDF262D306C005F3A9B /* ServiceErrors.swift */,
				53C7B016262E86A9005F3A9B /* Products.swift */,
				53C7B02A262EA047005F3A9B /* Product.swift */,
				53C7B020262EA008005F3A9B /* Paging.swift */,
				53C7B025262EA030005F3A9B /* Installments.swift */,
				53C7B01B262E9FED005F3A9B /* Shipping.swift */,
				53C7B046262FE74E005F3A9B /* ProductDetail.swift */,
				53C7B04B262FEDE0005F3A9B /* DetailImage.swift */,
				53C7B050262FEDFE005F3A9B /* DetailDescription.swift */,
				53C7B06226300A80005F3A9B /* CarouselImage.swift */,
			);
			path = Models;
			sourceTree = "<group>";
		};
		53EB0DBC2629DA7D005A2075 /* ViewModels */ = {
			isa = PBXGroup;
			children = (
				53EB0DBD2629DA97005A2075 /* HomeViewModel.swift */,
				53C7AE73262C0407005F3A9B /* ProductListViewModel.swift */,
				53C7AE7D262C0A0E005F3A9B /* URLImageViewModel.swift */,
				53C7AEB4262CEE1A005F3A9B /* ProductItemViewModel.swift */,
				53C7AEEE262D56DC005F3A9B /* CategoryListItemViewModel.swift */,
				53C7B037262FDC0A005F3A9B /* ProductDetailViewModel.swift */,
				53C7B067263011AF005F3A9B /* ProductDescriptionViewModel.swift */,
			);
			path = ViewModels;
			sourceTree = "<group>";
		};
		53EB0DDC262A77F3005A2075 /* Common */ = {
			isa = PBXGroup;
			children = (
				53EB0DFE262BC4CA005A2075 /* CustomColors.swift */,
				53EB0DDD262A7889005A2075 /* SearchBarView.swift */,
				53C7AE78262C09E0005F3A9B /* URLImageView.swift */,
				53C7AE8A262C938B005F3A9B /* ProductPriceTextView.swift */,
				53C7AE95262C98F1005F3A9B /* ProductInstallmentsView.swift */,
				53C7AEA3262CA3B0005F3A9B /* ProductShippingView.swift */,
				53C7AEA8262CA58C005F3A9B /* ProductDescriptionView.swift */,
			);
			path = Common;
			sourceTree = "<group>";
		};
		53EB0DE5262A9673005A2075 /* ListItems */ = {
			isa = PBXGroup;
			children = (
				53EB0DE6262A96C8005A2075 /* CategoryListItem.swift */,
				53EB0DEE262A96EF005A2075 /* ProductListItem.swift */,
			);
			path = ListItems;
			sourceTree = "<group>";
		};
		53EB0E06262BF589005A2075 /* ProductViews */ = {
			isa = PBXGroup;
			children = (
				53EB0DCD2629DB39005A2075 /* ProductDetailView.swift */,
				53EB0DF5262ABCB1005A2075 /* ProductsListView.swift */,
			);
			path = ProductViews;
			sourceTree = "<group>";
		};
		53EB0E07262BF5BE005A2075 /* Home */ = {
			isa = PBXGroup;
			children = (
				53EB0D962629440F005A2075 /* HomeView.swift */,
			);
			path = Home;
			sourceTree = "<group>";
		};
		53EB0E08262BF5C9005A2075 /* About */ = {
			isa = PBXGroup;
			children = (
				53EB0D88262942DC005A2075 /* AboutView.swift */,
			);
			path = About;
			sourceTree = "<group>";
		};
		53EB0E0C262BF603005A2075 /* Storyboards */ = {
			isa = PBXGroup;
			children = (
				53EB0D5A26293F9F005A2075 /* LaunchScreen.storyboard */,
				53EB0DB72629CDB8005A2075 /* Main.storyboard */,
			);
			path = Storyboards;
			sourceTree = "<group>";
		};
		53F6EA3A2631492100ACCF93 /* Resources */ = {
			isa = PBXGroup;
			children = (
				53F6EA322631269300ACCF93 /* Localizable.strings */,
				53EB0D5526293F9F005A2075 /* Assets.xcassets */,
			);
			path = Resources;
			sourceTree = "<group>";
		};
		53F6EA3B2631494800ACCF93 /* Utility */ = {
			isa = PBXGroup;
			children = (
				53F6EA2626311D6000ACCF93 /* Logger.swift */,
				53F6EA2D2631243600ACCF93 /* Localization.swift */,
			);
			path = Utility;
			sourceTree = "<group>";
		};
/* End PBXGroup section */

/* Begin PBXNativeTarget section */
		53EB0D4B26293F99005A2075 /* MercadoLibreTest */ = {
			isa = PBXNativeTarget;
			buildConfigurationList = 53EB0D7626293FA0005A2075 /* Build configuration list for PBXNativeTarget "MercadoLibreTest" */;
			buildPhases = (
				53EB0D4826293F99005A2075 /* Sources */,
				53EB0D4926293F99005A2075 /* Frameworks */,
				53EB0D4A26293F99005A2075 /* Resources */,
			);
			buildRules = (
			);
			dependencies = (
			);
			name = MercadoLibreTest;
			productName = MercadoLibreTest;
			productReference = 53EB0D4C26293F99005A2075 /* MercadoLibreTest.app */;
			productType = "com.apple.product-type.application";
		};
		53EB0D6126293F9F005A2075 /* MercadoLibreTestTests */ = {
			isa = PBXNativeTarget;
			buildConfigurationList = 53EB0D7926293FA0005A2075 /* Build configuration list for PBXNativeTarget "MercadoLibreTestTests" */;
			buildPhases = (
				53EB0D5E26293F9F005A2075 /* Sources */,
				53EB0D5F26293F9F005A2075 /* Frameworks */,
				53EB0D6026293F9F005A2075 /* Resources */,
			);
			buildRules = (
			);
			dependencies = (
				53EB0D6426293F9F005A2075 /* PBXTargetDependency */,
			);
			name = MercadoLibreTestTests;
			productName = MercadoLibreTestTests;
			productReference = 53EB0D6226293F9F005A2075 /* MercadoLibreTestTests.xctest */;
			productType = "com.apple.product-type.bundle.unit-test";
		};
		53EB0D6C26293FA0005A2075 /* MercadoLibreTestUITests */ = {
			isa = PBXNativeTarget;
			buildConfigurationList = 53EB0D7C26293FA0005A2075 /* Build configuration list for PBXNativeTarget "MercadoLibreTestUITests" */;
			buildPhases = (
				53EB0D6926293FA0005A2075 /* Sources */,
				53EB0D6A26293FA0005A2075 /* Frameworks */,
				53EB0D6B26293FA0005A2075 /* Resources */,
			);
			buildRules = (
			);
			dependencies = (
				53EB0D6F26293FA0005A2075 /* PBXTargetDependency */,
			);
			name = MercadoLibreTestUITests;
			productName = MercadoLibreTestUITests;
			productReference = 53EB0D6D26293FA0005A2075 /* MercadoLibreTestUITests.xctest */;
			productType = "com.apple.product-type.bundle.ui-testing";
		};
/* End PBXNativeTarget section */

/* Begin PBXProject section */
		53EB0D4426293F99005A2075 /* Project object */ = {
			isa = PBXProject;
			attributes = {
				LastSwiftUpdateCheck = 1220;
				LastUpgradeCheck = 1220;
				TargetAttributes = {
					53EB0D4B26293F99005A2075 = {
						CreatedOnToolsVersion = 12.2;
					};
					53EB0D6126293F9F005A2075 = {
						CreatedOnToolsVersion = 12.2;
						TestTargetID = 53EB0D4B26293F99005A2075;
					};
					53EB0D6C26293FA0005A2075 = {
						CreatedOnToolsVersion = 12.2;
						TestTargetID = 53EB0D4B26293F99005A2075;
					};
				};
			};
			buildConfigurationList = 53EB0D4726293F99005A2075 /* Build configuration list for PBXProject "MercadoLibreTest" */;
			compatibilityVersion = "Xcode 9.3";
			developmentRegion = en;
			hasScannedForEncodings = 0;
			knownRegions = (
				en,
				Base,
			);
			mainGroup = 53EB0D4326293F99005A2075;
			productRefGroup = 53EB0D4D26293F99005A2075 /* Products */;
			projectDirPath = "";
			projectRoot = "";
			targets = (
				53EB0D4B26293F99005A2075 /* MercadoLibreTest */,
				53EB0D6126293F9F005A2075 /* MercadoLibreTestTests */,
				53EB0D6C26293FA0005A2075 /* MercadoLibreTestUITests */,
			);
		};
/* End PBXProject section */

/* Begin PBXResourcesBuildPhase section */
		53EB0D4A26293F99005A2075 /* Resources */ = {
			isa = PBXResourcesBuildPhase;
			buildActionMask = 2147483647;
			files = (
				53F6EA332631269300ACCF93 /* Localizable.strings in Resources */,
				53EB0D5C26293F9F005A2075 /* LaunchScreen.storyboard in Resources */,
				53EB0D5926293F9F005A2075 /* Preview Assets.xcassets in Resources */,
				53EB0D5626293F9F005A2075 /* Assets.xcassets in Resources */,
				53EB0DB82629CDB8005A2075 /* Main.storyboard in Resources */,
			);
			runOnlyForDeploymentPostprocessing = 0;
		};
		53EB0D6026293F9F005A2075 /* Resources */ = {
			isa = PBXResourcesBuildPhase;
			buildActionMask = 2147483647;
			files = (
			);
			runOnlyForDeploymentPostprocessing = 0;
		};
		53EB0D6B26293FA0005A2075 /* Resources */ = {
			isa = PBXResourcesBuildPhase;
			buildActionMask = 2147483647;
			files = (
			);
			runOnlyForDeploymentPostprocessing = 0;
		};
/* End PBXResourcesBuildPhase section */

/* Begin PBXSourcesBuildPhase section */
		53EB0D4826293F99005A2075 /* Sources */ = {
			isa = PBXSourcesBuildPhase;
			buildActionMask = 2147483647;
			files = (
				53EB0D8A26294311005A2075 /* Coordinator.swift in Sources */,
				53C7B038262FDC0B005F3A9B /* ProductDetailViewModel.swift in Sources */,
				53C7AE79262C09E0005F3A9B /* URLImageView.swift in Sources */,
				53C7B05E262FF7C0005F3A9B /* LoaderView.swift in Sources */,
				53EB0D9F2629489E005A2075 /* MainCoordinator.swift in Sources */,
				53EB0DCE2629DB39005A2075 /* ProductDetailView.swift in Sources */,
				53C7AEFA262D5CE0005F3A9B /* GetImageService.swift in Sources */,
				53F6EA2E2631243600ACCF93 /* Localization.swift in Sources */,
				53EB0DA726294904005A2075 /* MainTabBarController.swift in Sources */,
				53C7B026262EA030005F3A9B /* Installments.swift in Sources */,
				53C7AEF5262D5C43005F3A9B /* GetImageServiceClient.swift in Sources */,
				53C7AEEA262D333B005F3A9B /* URLBuilder.swift in Sources */,
				53C7AEC8262D2E83005F3A9B /* Categories.swift in Sources */,
				53EB0DBE2629DA97005A2075 /* HomeViewModel.swift in Sources */,
				53EB0DF6262ABCB2005A2075 /* ProductsListView.swift in Sources */,
				53C7B068263011AF005F3A9B /* ProductDescriptionViewModel.swift in Sources */,
				53C7AEA9262CA58C005F3A9B /* ProductDescriptionView.swift in Sources */,
				53C7B047262FE74E005F3A9B /* ProductDetail.swift in Sources */,
				53C7B00A262E84B8005F3A9B /* ProductsService.swift in Sources */,
				53C7B00F262E855C005F3A9B /* ProductsServiceClient.swift in Sources */,
				53EB0DDE262A788B005A2075 /* SearchBarView.swift in Sources */,
				53C7AE96262C98F1005F3A9B /* ProductInstallmentsView.swift in Sources */,
				53EB0DE7262A96C8005A2075 /* CategoryListItem.swift in Sources */,
				53C7B017262E86A9005F3A9B /* Products.swift in Sources */,
				53C7B01C262E9FED005F3A9B /* Shipping.swift in Sources */,
				53EB0DB326295ACA005A2075 /* AboutCoordinator.swift in Sources */,
				53C7AED5262D2FF7005F3A9B /* CategoriesServiceClient.swift in Sources */,
				53C7B06326300A80005F3A9B /* CarouselImage.swift in Sources */,
				53C7B021262EA008005F3A9B /* Paging.swift in Sources */,
				53C7B051262FEDFE005F3A9B /* DetailDescription.swift in Sources */,
				53C7AEBB262D15A2005F3A9B /* ProductListAnimationView.swift in Sources */,
				53C7B04C262FEDE0005F3A9B /* DetailImage.swift in Sources */,
				53EB0D5026293F99005A2075 /* AppDelegate.swift in Sources */,
				53C7AEE0262D306C005F3A9B /* ServiceErrors.swift in Sources */,
				53EB0DFF262BC4CB005A2075 /* CustomColors.swift in Sources */,
				53C7AECD262D2F56005F3A9B /* ServiceProvider.swift in Sources */,
				53F6EA2726311D6000ACCF93 /* Logger.swift in Sources */,
				53EB0DAB26294E31005A2075 /* AboutView.swift in Sources */,
				53C7B03D262FDD71005F3A9B /* ProductDetailServiceClient.swift in Sources */,
				53C7AEEF262D56DC005F3A9B /* CategoryListItemViewModel.swift in Sources */,
				53C7AEA4262CA3B0005F3A9B /* ProductShippingView.swift in Sources */,
				53C7AE8B262C938B005F3A9B /* ProductPriceTextView.swift in Sources */,
				53C7AEE5262D31FB005F3A9B /* CategoriesService.swift in Sources */,
				53C7B042262FDF31005F3A9B /* ProductDetailService.swift in Sources */,
				53C7AEB5262CEE1A005F3A9B /* ProductItemViewModel.swift in Sources */,
				53C7AEC3262D27F7005F3A9B /* ShimmerAnimationView.swift in Sources */,
				53C7AE74262C0407005F3A9B /* ProductListViewModel.swift in Sources */,
				53EB0DEF262A96EF005A2075 /* ProductListItem.swift in Sources */,
				53C7AE7E262C0A0E005F3A9B /* URLImageViewModel.swift in Sources */,
				53EB0D9226294357005A2075 /* HomeCoordinator.swift in Sources */,
				53EB0D9A26294521005A2075 /* HomeView.swift in Sources */,
				53EB0D5226293F99005A2075 /* SceneDelegate.swift in Sources */,
				53C7B02B262EA047005F3A9B /* Product.swift in Sources */,
			);
			runOnlyForDeploymentPostprocessing = 0;
		};
		53EB0D5E26293F9F005A2075 /* Sources */ = {
			isa = PBXSourcesBuildPhase;
			buildActionMask = 2147483647;
			files = (
				53EB0D6726293F9F005A2075 /* MercadoLibreTestTests.swift in Sources */,
			);
			runOnlyForDeploymentPostprocessing = 0;
		};
		53EB0D6926293FA0005A2075 /* Sources */ = {
			isa = PBXSourcesBuildPhase;
			buildActionMask = 2147483647;
			files = (
				53EB0D7226293FA0005A2075 /* MercadoLibreTestUITests.swift in Sources */,
			);
			runOnlyForDeploymentPostprocessing = 0;
		};
/* End PBXSourcesBuildPhase section */

/* Begin PBXTargetDependency section */
		53EB0D6426293F9F005A2075 /* PBXTargetDependency */ = {
			isa = PBXTargetDependency;
			target = 53EB0D4B26293F99005A2075 /* MercadoLibreTest */;
			targetProxy = 53EB0D6326293F9F005A2075 /* PBXContainerItemProxy */;
		};
		53EB0D6F26293FA0005A2075 /* PBXTargetDependency */ = {
			isa = PBXTargetDependency;
			target = 53EB0D4B26293F99005A2075 /* MercadoLibreTest */;
			targetProxy = 53EB0D6E26293FA0005A2075 /* PBXContainerItemProxy */;
		};
/* End PBXTargetDependency section */

/* Begin PBXVariantGroup section */
		53EB0D5A26293F9F005A2075 /* LaunchScreen.storyboard */ = {
			isa = PBXVariantGroup;
			children = (
				53EB0D5B26293F9F005A2075 /* Base */,
			);
			name = LaunchScreen.storyboard;
			sourceTree = "<group>";
		};
/* End PBXVariantGroup section */

/* Begin XCBuildConfiguration section */
		53EB0D7426293FA0005A2075 /* Debug */ = {
			isa = XCBuildConfiguration;
			buildSettings = {
				ALWAYS_SEARCH_USER_PATHS = NO;
				CLANG_ANALYZER_NONNULL = YES;
				CLANG_ANALYZER_NUMBER_OBJECT_CONVERSION = YES_AGGRESSIVE;
				CLANG_CXX_LANGUAGE_STANDARD = "gnu++14";
				CLANG_CXX_LIBRARY = "libc++";
				CLANG_ENABLE_MODULES = YES;
				CLANG_ENABLE_OBJC_ARC = YES;
				CLANG_ENABLE_OBJC_WEAK = YES;
				CLANG_WARN_BLOCK_CAPTURE_AUTORELEASING = YES;
				CLANG_WARN_BOOL_CONVERSION = YES;
				CLANG_WARN_COMMA = YES;
				CLANG_WARN_CONSTANT_CONVERSION = YES;
				CLANG_WARN_DEPRECATED_OBJC_IMPLEMENTATIONS = YES;
				CLANG_WARN_DIRECT_OBJC_ISA_USAGE = YES_ERROR;
				CLANG_WARN_DOCUMENTATION_COMMENTS = YES;
				CLANG_WARN_EMPTY_BODY = YES;
				CLANG_WARN_ENUM_CONVERSION = YES;
				CLANG_WARN_INFINITE_RECURSION = YES;
				CLANG_WARN_INT_CONVERSION = YES;
				CLANG_WARN_NON_LITERAL_NULL_CONVERSION = YES;
				CLANG_WARN_OBJC_IMPLICIT_RETAIN_SELF = YES;
				CLANG_WARN_OBJC_LITERAL_CONVERSION = YES;
				CLANG_WARN_OBJC_ROOT_CLASS = YES_ERROR;
				CLANG_WARN_QUOTED_INCLUDE_IN_FRAMEWORK_HEADER = YES;
				CLANG_WARN_RANGE_LOOP_ANALYSIS = YES;
				CLANG_WARN_STRICT_PROTOTYPES = YES;
				CLANG_WARN_SUSPICIOUS_MOVE = YES;
				CLANG_WARN_UNGUARDED_AVAILABILITY = YES_AGGRESSIVE;
				CLANG_WARN_UNREACHABLE_CODE = YES;
				CLANG_WARN__DUPLICATE_METHOD_MATCH = YES;
				COPY_PHASE_STRIP = NO;
				DEBUG_INFORMATION_FORMAT = dwarf;
				ENABLE_STRICT_OBJC_MSGSEND = YES;
				ENABLE_TESTABILITY = YES;
				GCC_C_LANGUAGE_STANDARD = gnu11;
				GCC_DYNAMIC_NO_PIC = NO;
				GCC_NO_COMMON_BLOCKS = YES;
				GCC_OPTIMIZATION_LEVEL = 0;
				GCC_PREPROCESSOR_DEFINITIONS = (
					"DEBUG=1",
					"$(inherited)",
				);
				GCC_WARN_64_TO_32_BIT_CONVERSION = YES;
				GCC_WARN_ABOUT_RETURN_TYPE = YES_ERROR;
				GCC_WARN_UNDECLARED_SELECTOR = YES;
				GCC_WARN_UNINITIALIZED_AUTOS = YES_AGGRESSIVE;
				GCC_WARN_UNUSED_FUNCTION = YES;
				GCC_WARN_UNUSED_VARIABLE = YES;
				IPHONEOS_DEPLOYMENT_TARGET = 14.2;
				MTL_ENABLE_DEBUG_INFO = INCLUDE_SOURCE;
				MTL_FAST_MATH = YES;
				ONLY_ACTIVE_ARCH = YES;
				SDKROOT = iphoneos;
				SWIFT_ACTIVE_COMPILATION_CONDITIONS = DEBUG;
				SWIFT_OPTIMIZATION_LEVEL = "-Onone";
			};
			name = Debug;
		};
		53EB0D7526293FA0005A2075 /* Release */ = {
			isa = XCBuildConfiguration;
			buildSettings = {
				ALWAYS_SEARCH_USER_PATHS = NO;
				CLANG_ANALYZER_NONNULL = YES;
				CLANG_ANALYZER_NUMBER_OBJECT_CONVERSION = YES_AGGRESSIVE;
				CLANG_CXX_LANGUAGE_STANDARD = "gnu++14";
				CLANG_CXX_LIBRARY = "libc++";
				CLANG_ENABLE_MODULES = YES;
				CLANG_ENABLE_OBJC_ARC = YES;
				CLANG_ENABLE_OBJC_WEAK = YES;
				CLANG_WARN_BLOCK_CAPTURE_AUTORELEASING = YES;
				CLANG_WARN_BOOL_CONVERSION = YES;
				CLANG_WARN_COMMA = YES;
				CLANG_WARN_CONSTANT_CONVERSION = YES;
				CLANG_WARN_DEPRECATED_OBJC_IMPLEMENTATIONS = YES;
				CLANG_WARN_DIRECT_OBJC_ISA_USAGE = YES_ERROR;
				CLANG_WARN_DOCUMENTATION_COMMENTS = YES;
				CLANG_WARN_EMPTY_BODY = YES;
				CLANG_WARN_ENUM_CONVERSION = YES;
				CLANG_WARN_INFINITE_RECURSION = YES;
				CLANG_WARN_INT_CONVERSION = YES;
				CLANG_WARN_NON_LITERAL_NULL_CONVERSION = YES;
				CLANG_WARN_OBJC_IMPLICIT_RETAIN_SELF = YES;
				CLANG_WARN_OBJC_LITERAL_CONVERSION = YES;
				CLANG_WARN_OBJC_ROOT_CLASS = YES_ERROR;
				CLANG_WARN_QUOTED_INCLUDE_IN_FRAMEWORK_HEADER = YES;
				CLANG_WARN_RANGE_LOOP_ANALYSIS = YES;
				CLANG_WARN_STRICT_PROTOTYPES = YES;
				CLANG_WARN_SUSPICIOUS_MOVE = YES;
				CLANG_WARN_UNGUARDED_AVAILABILITY = YES_AGGRESSIVE;
				CLANG_WARN_UNREACHABLE_CODE = YES;
				CLANG_WARN__DUPLICATE_METHOD_MATCH = YES;
				COPY_PHASE_STRIP = NO;
				DEBUG_INFORMATION_FORMAT = "dwarf-with-dsym";
				ENABLE_NS_ASSERTIONS = NO;
				ENABLE_STRICT_OBJC_MSGSEND = YES;
				GCC_C_LANGUAGE_STANDARD = gnu11;
				GCC_NO_COMMON_BLOCKS = YES;
				GCC_WARN_64_TO_32_BIT_CONVERSION = YES;
				GCC_WARN_ABOUT_RETURN_TYPE = YES_ERROR;
				GCC_WARN_UNDECLARED_SELECTOR = YES;
				GCC_WARN_UNINITIALIZED_AUTOS = YES_AGGRESSIVE;
				GCC_WARN_UNUSED_FUNCTION = YES;
				GCC_WARN_UNUSED_VARIABLE = YES;
				IPHONEOS_DEPLOYMENT_TARGET = 14.2;
				MTL_ENABLE_DEBUG_INFO = NO;
				MTL_FAST_MATH = YES;
				SDKROOT = iphoneos;
				SWIFT_COMPILATION_MODE = wholemodule;
				SWIFT_OPTIMIZATION_LEVEL = "-O";
				VALIDATE_PRODUCT = YES;
			};
			name = Release;
		};
		53EB0D7726293FA0005A2075 /* Debug */ = {
			isa = XCBuildConfiguration;
			buildSettings = {
				ASSETCATALOG_COMPILER_APPICON_NAME = AppIcon;
				ASSETCATALOG_COMPILER_GLOBAL_ACCENT_COLOR_NAME = AccentColor;
				CODE_SIGN_STYLE = Automatic;
				DEVELOPMENT_ASSET_PATHS = "\"MercadoLibreTest/Preview Content\"";
				DEVELOPMENT_TEAM = CR9YEVB7T7;
				ENABLE_PREVIEWS = YES;
				INFOPLIST_FILE = MercadoLibreTest/Info.plist;
				LD_RUNPATH_SEARCH_PATHS = (
					"$(inherited)",
					"@executable_path/Frameworks",
				);
				PRODUCT_BUNDLE_IDENTIFIER = Ricardo.MercadoLibreTest;
				PRODUCT_NAME = "$(TARGET_NAME)";
				SWIFT_VERSION = 5.0;
				TARGETED_DEVICE_FAMILY = "1,2";
			};
			name = Debug;
		};
		53EB0D7826293FA0005A2075 /* Release */ = {
			isa = XCBuildConfiguration;
			buildSettings = {
				ASSETCATALOG_COMPILER_APPICON_NAME = AppIcon;
				ASSETCATALOG_COMPILER_GLOBAL_ACCENT_COLOR_NAME = AccentColor;
				CODE_SIGN_STYLE = Automatic;
				DEVELOPMENT_ASSET_PATHS = "\"MercadoLibreTest/Preview Content\"";
				DEVELOPMENT_TEAM = CR9YEVB7T7;
				ENABLE_PREVIEWS = YES;
				INFOPLIST_FILE = MercadoLibreTest/Info.plist;
				LD_RUNPATH_SEARCH_PATHS = (
					"$(inherited)",
					"@executable_path/Frameworks",
				);
				PRODUCT_BUNDLE_IDENTIFIER = Ricardo.MercadoLibreTest;
				PRODUCT_NAME = "$(TARGET_NAME)";
				SWIFT_VERSION = 5.0;
				TARGETED_DEVICE_FAMILY = "1,2";
			};
			name = Release;
		};
		53EB0D7A26293FA0005A2075 /* Debug */ = {
			isa = XCBuildConfiguration;
			buildSettings = {
				ALWAYS_EMBED_SWIFT_STANDARD_LIBRARIES = YES;
				BUNDLE_LOADER = "$(TEST_HOST)";
				CODE_SIGN_STYLE = Automatic;
				DEVELOPMENT_TEAM = CR9YEVB7T7;
				INFOPLIST_FILE = MercadoLibreTestTests/Info.plist;
				IPHONEOS_DEPLOYMENT_TARGET = 14.2;
				LD_RUNPATH_SEARCH_PATHS = (
					"$(inherited)",
					"@executable_path/Frameworks",
					"@loader_path/Frameworks",
				);
				PRODUCT_BUNDLE_IDENTIFIER = Ricardo.MercadoLibreTestTests;
				PRODUCT_NAME = "$(TARGET_NAME)";
				SWIFT_VERSION = 5.0;
				TARGETED_DEVICE_FAMILY = "1,2";
				TEST_HOST = "$(BUILT_PRODUCTS_DIR)/MercadoLibreTest.app/MercadoLibreTest";
			};
			name = Debug;
		};
		53EB0D7B26293FA0005A2075 /* Release */ = {
			isa = XCBuildConfiguration;
			buildSettings = {
				ALWAYS_EMBED_SWIFT_STANDARD_LIBRARIES = YES;
				BUNDLE_LOADER = "$(TEST_HOST)";
				CODE_SIGN_STYLE = Automatic;
				DEVELOPMENT_TEAM = CR9YEVB7T7;
				INFOPLIST_FILE = MercadoLibreTestTests/Info.plist;
				IPHONEOS_DEPLOYMENT_TARGET = 14.2;
				LD_RUNPATH_SEARCH_PATHS = (
					"$(inherited)",
					"@executable_path/Frameworks",
					"@loader_path/Frameworks",
				);
				PRODUCT_BUNDLE_IDENTIFIER = Ricardo.MercadoLibreTestTests;
				PRODUCT_NAME = "$(TARGET_NAME)";
				SWIFT_VERSION = 5.0;
				TARGETED_DEVICE_FAMILY = "1,2";
				TEST_HOST = "$(BUILT_PRODUCTS_DIR)/MercadoLibreTest.app/MercadoLibreTest";
			};
			name = Release;
		};
		53EB0D7D26293FA0005A2075 /* Debug */ = {
			isa = XCBuildConfiguration;
			buildSettings = {
				ALWAYS_EMBED_SWIFT_STANDARD_LIBRARIES = YES;
				CODE_SIGN_STYLE = Automatic;
				DEVELOPMENT_TEAM = CR9YEVB7T7;
				INFOPLIST_FILE = MercadoLibreTestUITests/Info.plist;
				LD_RUNPATH_SEARCH_PATHS = (
					"$(inherited)",
					"@executable_path/Frameworks",
					"@loader_path/Frameworks",
				);
				PRODUCT_BUNDLE_IDENTIFIER = Ricardo.MercadoLibreTestUITests;
				PRODUCT_NAME = "$(TARGET_NAME)";
				SWIFT_VERSION = 5.0;
				TARGETED_DEVICE_FAMILY = "1,2";
				TEST_TARGET_NAME = MercadoLibreTest;
			};
			name = Debug;
		};
		53EB0D7E26293FA0005A2075 /* Release */ = {
			isa = XCBuildConfiguration;
			buildSettings = {
				ALWAYS_EMBED_SWIFT_STANDARD_LIBRARIES = YES;
				CODE_SIGN_STYLE = Automatic;
				DEVELOPMENT_TEAM = CR9YEVB7T7;
				INFOPLIST_FILE = MercadoLibreTestUITests/Info.plist;
				LD_RUNPATH_SEARCH_PATHS = (
					"$(inherited)",
					"@executable_path/Frameworks",
					"@loader_path/Frameworks",
				);
				PRODUCT_BUNDLE_IDENTIFIER = Ricardo.MercadoLibreTestUITests;
				PRODUCT_NAME = "$(TARGET_NAME)";
				SWIFT_VERSION = 5.0;
				TARGETED_DEVICE_FAMILY = "1,2";
				TEST_TARGET_NAME = MercadoLibreTest;
			};
			name = Release;
		};
/* End XCBuildConfiguration section */

/* Begin XCConfigurationList section */
		53EB0D4726293F99005A2075 /* Build configuration list for PBXProject "MercadoLibreTest" */ = {
			isa = XCConfigurationList;
			buildConfigurations = (
				53EB0D7426293FA0005A2075 /* Debug */,
				53EB0D7526293FA0005A2075 /* Release */,
			);
			defaultConfigurationIsVisible = 0;
			defaultConfigurationName = Release;
		};
		53EB0D7626293FA0005A2075 /* Build configuration list for PBXNativeTarget "MercadoLibreTest" */ = {
			isa = XCConfigurationList;
			buildConfigurations = (
				53EB0D7726293FA0005A2075 /* Debug */,
				53EB0D7826293FA0005A2075 /* Release */,
			);
			defaultConfigurationIsVisible = 0;
			defaultConfigurationName = Release;
		};
		53EB0D7926293FA0005A2075 /* Build configuration list for PBXNativeTarget "MercadoLibreTestTests" */ = {
			isa = XCConfigurationList;
			buildConfigurations = (
				53EB0D7A26293FA0005A2075 /* Debug */,
				53EB0D7B26293FA0005A2075 /* Release */,
			);
			defaultConfigurationIsVisible = 0;
			defaultConfigurationName = Release;
		};
		53EB0D7C26293FA0005A2075 /* Build configuration list for PBXNativeTarget "MercadoLibreTestUITests" */ = {
			isa = XCConfigurationList;
			buildConfigurations = (
				53EB0D7D26293FA0005A2075 /* Debug */,
				53EB0D7E26293FA0005A2075 /* Release */,
			);
			defaultConfigurationIsVisible = 0;
			defaultConfigurationName = Release;
		};
/* End XCConfigurationList section */
	};
	rootObject = 53EB0D4426293F99005A2075 /* Project object */;
}
